
Microsoft Visual Studio Solution File, Format Version 12.00
# Visual Studio Version 16
VisualStudioVersion = 25.0.1706.11
MinimumVisualStudioVersion = 10.0.40219.1
Project("{FAE04EC0-301F-11D3-BF4B-00C04F79EFBC}") = "Api", "Api.csproj", "{1266F0EC-666B-4032-A429-E4DCEA05822C}"
EndProject
Global
	GlobalSection(SolutionConfigurationPlatforms) = preSolution
		Debug|Any CPU = Debug|Any CPU
		Release|Any CPU = Release|Any CPU
	EndGlobalSection
	GlobalSection(ProjectConfigurationPlatforms) = postSolution
		{1266F0EC-666B-4032-A429-E4DCEA05822C}.Debug|Any CPU.ActiveCfg = Debug|Any CPU
		{1266F0EC-666B-4032-A429-E4DCEA05822C}.Debug|Any CPU.Build.0 = Debug|Any CPU
		{1266F0EC-666B-4032-A429-E4DCEA05822C}.Release|Any CPU.ActiveCfg = Release|Any CPU
		{1266F0EC-666B-4032-A429-E4DCEA05822C}.Release|Any CPU.Build.0 = Release|Any CPU
	EndGlobalSection
	GlobalSection(SolutionProperties) = preSolution
		HideSolutionNode = FALSE
	EndGlobalSection
	GlobalSection(ExtensibilityGlobals) = postSolution
		SolutionGuid = {8654252F-E02E-41C7-8BEA-861417494711}
	EndGlobalSection
EndGlobal
