
Microsoft Visual Studio Solution File, Format Version 12.00
# Visual Studio Version 17
VisualStudioVersion = 17.10.34928.147
MinimumVisualStudioVersion = 10.0.40219.1
Project("{9A19103F-16F7-4668-BE54-9A1E7A4F7556}") = "Api", "Api\Api.csproj", "{38E102AA-E38D-4CB9-99A9-01CD485CA190}"
EndProject
Project("{9A19103F-16F7-4668-BE54-9A1E7A4F7556}") = "Test", "Test\Test.csproj", "{DC4F8FDF-7207-49E2-82C2-0C27AA07512E}"
EndProject
Project("{FAE04EC0-301F-11D3-BF4B-00C04F79EFBC}") = "Domain", "Domain\Domain.csproj", "{81032896-B56C-4EB1-9540-9F46C63B70CA}"
EndProject
Global
	GlobalSection(SolutionConfigurationPlatforms) = preSolution
		Debug|Any CPU = Debug|Any CPU
		Release|Any CPU = Release|Any CPU
	EndGlobalSection
	GlobalSection(ProjectConfigurationPlatforms) = postSolution
		{38E102AA-E38D-4CB9-99A9-01CD485CA190}.Debug|Any CPU.ActiveCfg = Debug|Any CPU
		{38E102AA-E38D-4CB9-99A9-01CD485CA190}.Debug|Any CPU.Build.0 = Debug|Any CPU
		{38E102AA-E38D-4CB9-99A9-01CD485CA190}.Release|Any CPU.ActiveCfg = Release|Any CPU
		{38E102AA-E38D-4CB9-99A9-01CD485CA190}.Release|Any CPU.Build.0 = Release|Any CPU
		{DC4F8FDF-7207-49E2-82C2-0C27AA07512E}.Debug|Any CPU.ActiveCfg = Debug|Any CPU
		{DC4F8FDF-7207-49E2-82C2-0C27AA07512E}.Debug|Any CPU.Build.0 = Debug|Any CPU
		{DC4F8FDF-7207-49E2-82C2-0C27AA07512E}.Release|Any CPU.ActiveCfg = Release|Any CPU
		{DC4F8FDF-7207-49E2-82C2-0C27AA07512E}.Release|Any CPU.Build.0 = Release|Any CPU
		{81032896-B56C-4EB1-9540-9F46C63B70CA}.Debug|Any CPU.ActiveCfg = Debug|Any CPU
		{81032896-B56C-4EB1-9540-9F46C63B70CA}.Debug|Any CPU.Build.0 = Debug|Any CPU
		{81032896-B56C-4EB1-9540-9F46C63B70CA}.Release|Any CPU.ActiveCfg = Release|Any CPU
		{81032896-B56C-4EB1-9540-9F46C63B70CA}.Release|Any CPU.Build.0 = Release|Any CPU
	EndGlobalSection
	GlobalSection(SolutionProperties) = preSolution
		HideSolutionNode = FALSE
	EndGlobalSection
	GlobalSection(ExtensibilityGlobals) = postSolution
		SolutionGuid = {BD80F693-0646-4656-ACEC-2CACC10A6308}
	EndGlobalSection
EndGlobal
